{
  "requires": true,
  "lockfileVersion": 1,
  "dependencies": {
    "multiselect-react-dropdown": {
      "version": "2.0.21",
      "resolved": "https://registry.npmjs.org/multiselect-react-dropdown/-/multiselect-react-dropdown-2.0.21.tgz",
      "integrity": "sha512-HvyM1rdpwlBylxORbxjY0XADYOyIfAebhOuLJOfjZFBnp8OA8kc07QbqVN5yVYue01aJF1svB55qAFngZavU5A=="
    }
  }
}
