{
  "requires": true,
  "lockfileVersion": 1,
  "dependencies": {
    "@types/lodash": {
      "version": "4.14.182",
      "resolved": "https://registry.npmjs.org/@types/lodash/-/lodash-4.14.182.tgz",
      "integrity": "sha512-/THyiqyQAP9AfARo4pF+aCGcyiQ94tX/Is2I7HofNRqoYLgN1PBoOWu2/zTA5zMxzP5EFutMtWtGAFRKUe961Q=="
    },
    "@types/prop-types": {
      "version": "15.7.5",
      "resolved": "https://registry.npmjs.org/@types/prop-types/-/prop-types-15.7.5.tgz",
      "integrity": "sha512-JCB8C6SnDoQf0cNycqd/35A7MjcnK+ZTqE7judS6o7utxUCg6imJg3QK2qzHKszlTjcj2cn+NwMB2i96ubpj7w=="
    },
    "@types/react": {
      "version": "16.14.25",
      "resolved": "https://registry.npmjs.org/@types/react/-/react-16.14.25.tgz",
      "integrity": "sha512-cXRVHd7vBT5v1is72mmvmsg9stZrbJO04DJqFeh3Yj2tVKO6vmxg5BI+ybI6Ls7ROXRG3aFbZj9x0WA3ZAoDQw==",
      "requires": {
        "@types/prop-types": "*",
        "@types/scheduler": "*",
        "csstype": "^3.0.2"
      }
    },
    "@types/scheduler": {
      "version": "0.16.2",
      "resolved": "https://registry.npmjs.org/@types/scheduler/-/scheduler-0.16.2.tgz",
      "integrity": "sha512-hppQEBDmlwhFAXKJX2KnWLYu5yMfi91yazPb2l+lbJiwW+wdo1gNeRA+3RgNSO39WYX2euey41KEwnqesU2Jew=="
    },
    "csstype": {
      "version": "3.0.11",
      "resolved": "https://registry.npmjs.org/csstype/-/csstype-3.0.11.tgz",
      "integrity": "sha512-sa6P2wJ+CAbgyy4KFssIb/JNMLxFvKF1pCYCSXS8ZMuqZnMsrxqI2E5sPyoTpxoPU/gVZMzr2zjOfg8GIZOMsw=="
    },
    "multiselect-react-dropdown": {
      "version": "2.0.21",
      "resolved": "https://registry.npmjs.org/multiselect-react-dropdown/-/multiselect-react-dropdown-2.0.21.tgz",
      "integrity": "sha512-HvyM1rdpwlBylxORbxjY0XADYOyIfAebhOuLJOfjZFBnp8OA8kc07QbqVN5yVYue01aJF1svB55qAFngZavU5A=="
    },
    "react-rating": {
      "version": "2.0.5",
      "resolved": "https://registry.npmjs.org/react-rating/-/react-rating-2.0.5.tgz",
      "integrity": "sha512-uldxgLCe5bzqGX7V+7/bPgQQj2Kok6eiMgTMxjKOhfhnQkFLDlc4TjMlp7gaJFAHWdbiOnqpiShI7z8as6oWtg==",
      "requires": {
        "@types/lodash": "^4.14.105",
        "@types/react": "^16.0.40"
      }
    },
    "reactjs-popup": {
      "version": "2.0.5",
      "resolved": "https://registry.npmjs.org/reactjs-popup/-/reactjs-popup-2.0.5.tgz",
      "integrity": "sha512-b5hv9a6aGsHEHXFAgPO5s1Jw1eSkopueyUVxQewGdLgqk2eW0IVXZrPRpHR629YcgIpC2oxtX8OOZ8a7bQJbxA=="
    }
  }
}
